
Microsoft Visual Studio Solution File, Format Version 12.00
# Visual Studio Version 17
VisualStudioVersion = 17.14.36414.22
MinimumVisualStudioVersion = 10.0.40219.1
Project("{2150E333-8FDC-42A3-9474-1A3956D46DE8}") = "Task0", "Task0", "{02EA681E-C7D8-13C7-8484-4AC65E1B71E8}"
EndProject
Project("{FAE04EC0-301F-11D3-BF4B-00C04F79EFBC}") = "Tyuiu.GamaleevaYuA.Sprint5.Task0.V10", "Tyuiu.GamaleevaYuA.Sprint5.Task0.V10\Tyuiu.GamaleevaYuA.Sprint5.Task0.V10.csproj", "{88BF4D68-4403-4882-9B35-EE57B571559F}"
EndProject
Project("{FAE04EC0-301F-11D3-BF4B-00C04F79EFBC}") = "Tyuiu.GamaleevaYuA.Sprint5.Task0.V10.Lib", "Tyuiu.GamaleevaYuA.Sprint5.Task0.V10.Lib\Tyuiu.GamaleevaYuA.Sprint5.Task0.V10.Lib.csproj", "{DBFF6D22-10AA-4B76-9031-E8BD6E678BE1}"
EndProject
Project("{FAE04EC0-301F-11D3-BF4B-00C04F79EFBC}") = "Tyuiu.GamaleevaYuA.Sprint5.Task0.V10.Test", "Tyuiu.GamaleevaYuA.Sprint5.Task0.V10.Test\Tyuiu.GamaleevaYuA.Sprint5.Task0.V10.Test.csproj", "{53EB1147-A5C7-42B2-A2A1-1394B617FB79}"
EndProject
Project("{2150E333-8FDC-42A3-9474-1A3956D46DE8}") = "Task1", "Task1", "{CF6E03B4-E60F-4AAE-8000-911D9BEF0327}"
EndProject
Project("{FAE04EC0-301F-11D3-BF4B-00C04F79EFBC}") = "Tyuiu.GamaleevaYuA.Sprint5.Task1.V12", "Tyuiu.GamaleevaYuA.Sprint5.Task1.V12\Tyuiu.GamaleevaYuA.Sprint5.Task1.V12.csproj", "{EE04D5A5-8D20-4471-9E22-01CFB1A80B13}"
EndProject
Project("{FAE04EC0-301F-11D3-BF4B-00C04F79EFBC}") = "Tyuiu.GamaleevaYuA.Sprint5.Task1.V12.Lib", "Tyuiu.GamaleevaYuA.Sprint5.Task1.V12.Lib\Tyuiu.GamaleevaYuA.Sprint5.Task1.V12.Lib.csproj", "{A33831D7-4E21-411C-BE08-CFCF1BF26207}"
EndProject
Project("{FAE04EC0-301F-11D3-BF4B-00C04F79EFBC}") = "Tyuiu.GamaleevaYuA.Sprint5.Task1.V12.Test", "Tyuiu.GamaleevaYuA.Sprint5.Task1.V12.Test\Tyuiu.GamaleevaYuA.Sprint5.Task1.V12.Test.csproj", "{F969E063-6117-4C68-854E-3158DAB91B7B}"
EndProject
Project("{2150E333-8FDC-42A3-9474-1A3956D46DE8}") = "Task2", "Task2", "{284AF24B-996E-44C4-A91F-08FE8145B14F}"
EndProject
Project("{FAE04EC0-301F-11D3-BF4B-00C04F79EFBC}") = "Tyuiu.GamaleevaYuA.Sprint5.Task2.V2", "Tyuiu.GamaleevaYuA.Sprint5.Task2.V2\Tyuiu.GamaleevaYuA.Sprint5.Task2.V2.csproj", "{408CB1A4-EE69-4E09-A3E9-D92903E66FCF}"
EndProject
Project("{FAE04EC0-301F-11D3-BF4B-00C04F79EFBC}") = "Tyuiu.GamaleevaYuA.Sprint5.Task2.V2.Lib", "Tyuiu.GamaleevaYuA.Sprint5.Task2.V2.Lib\Tyuiu.GamaleevaYuA.Sprint5.Task2.V2.Lib.csproj", "{E15EBFAB-A54F-4BB9-BAF8-BF25AC9A5076}"
EndProject
Project("{FAE04EC0-301F-11D3-BF4B-00C04F79EFBC}") = "Tyuiu.GamaleevaYuA.Sprint5.Task2.V2.Test", "Tyuiu.GamaleevaYuA.Sprint5.Task2.V2.Test\Tyuiu.GamaleevaYuA.Sprint5.Task2.V2.Test.csproj", "{A2ECD1AF-22AF-47C7-9398-400D823C7297}"
EndProject
Project("{2150E333-8FDC-42A3-9474-1A3956D46DE8}") = "Task3", "Task3", "{71737180-9AAA-4319-B461-97232D482124}"
EndProject
Project("{FAE04EC0-301F-11D3-BF4B-00C04F79EFBC}") = "Tyuiu.GamaleevaYuA.Sprint5.Task3.V16", "Tyuiu.GamaleevaYuA.Sprint5.Task3.V16\Tyuiu.GamaleevaYuA.Sprint5.Task3.V16.csproj", "{385F8964-F759-4E21-9D4A-FE8B0D30F87F}"
EndProject
Project("{FAE04EC0-301F-11D3-BF4B-00C04F79EFBC}") = "Tyuiu.GamaleevaYuA.Sprint5.Task3.V16.Lib", "Tyuiu.GamaleevaYuA.Sprint5.Task3.V16.Lib\Tyuiu.GamaleevaYuA.Sprint5.Task3.V16.Lib.csproj", "{AB9470E5-D1BF-49C5-BD44-720097BF1900}"
EndProject
Project("{FAE04EC0-301F-11D3-BF4B-00C04F79EFBC}") = "Tyuiu.GamaleevaYuA.Sprint5.Task3.V16.Test", "Tyuiu.GamaleevaYuA.Sprint5.Task3.V16.Test\Tyuiu.GamaleevaYuA.Sprint5.Task3.V16.Test.csproj", "{FD1FCF1F-564B-4311-8F72-D5FF76E4D937}"
EndProject
Project("{2150E333-8FDC-42A3-9474-1A3956D46DE8}") = "Task4", "Task4", "{4F24AE57-9213-4E55-B6D8-D2FD329988A0}"
EndProject
Project("{FAE04EC0-301F-11D3-BF4B-00C04F79EFBC}") = "Tyuiu.GamaleevaYuA.Sprint5.Task4.V23", "Tyuiu.GamaleevaYuA.Sprint5.Task4.V23\Tyuiu.GamaleevaYuA.Sprint5.Task4.V23.csproj", "{E40D9DED-96D3-4297-8BC4-4AE9BAE8863D}"
EndProject
Project("{FAE04EC0-301F-11D3-BF4B-00C04F79EFBC}") = "Tyuiu.GamaleevaYuA.Sprint5.Task4.V23.Lib", "Tyuiu.GamaleevaYuA.Sprint5.Task4.V23.Lib\Tyuiu.GamaleevaYuA.Sprint5.Task4.V23.Lib.csproj", "{8D3E8BE6-4A30-4C86-B5AE-A739E2DBD695}"
EndProject
Project("{FAE04EC0-301F-11D3-BF4B-00C04F79EFBC}") = "Tyuiu.GamaleevaYuA.Sprint5.Task4.V23.Test", "Tyuiu.GamaleevaYuA.Sprint5.Task4.V23.Test\Tyuiu.GamaleevaYuA.Sprint5.Task4.V23.Test.csproj", "{AB240D2A-8FED-430B-8C03-DCE6EB8272AE}"
EndProject
Project("{2150E333-8FDC-42A3-9474-1A3956D46DE8}") = "Task5", "Task5", "{B194302E-473A-437B-B959-CDB73F1217D4}"
EndProject
Project("{FAE04EC0-301F-11D3-BF4B-00C04F79EFBC}") = "Tyuiu.GamaleevaYuA.Sprint5.Task5.V22", "Tyuiu.GamaleevaYuA.Sprint5.Task5.V22\Tyuiu.GamaleevaYuA.Sprint5.Task5.V22.csproj", "{2F038A77-3A2B-44AD-AC07-2FAB19B7A880}"
EndProject
Project("{FAE04EC0-301F-11D3-BF4B-00C04F79EFBC}") = "Tyuiu.GamaleevaYuA.Sprint5.Task5.V22.Lib", "Tyuiu.GamaleevaYuA.Sprint5.Task5.V22.Lib\Tyuiu.GamaleevaYuA.Sprint5.Task5.V22.Lib.csproj", "{6F90FED7-07C0-4F22-ACA8-CE52975E83EE}"
EndProject
Project("{FAE04EC0-301F-11D3-BF4B-00C04F79EFBC}") = "Tyuiu.GamaleevaYuA.Sprint5.Task5.V22.Test", "Tyuiu.GamaleevaYuA.Sprint5.Task5.V22.Test\Tyuiu.GamaleevaYuA.Sprint5.Task5.V22.Test.csproj", "{2D3DDE12-D8A4-4AD2-B8B0-80B044E25537}"
EndProject
Global
	GlobalSection(SolutionConfigurationPlatforms) = preSolution
		Debug|Any CPU = Debug|Any CPU
		Release|Any CPU = Release|Any CPU
	EndGlobalSection
	GlobalSection(ProjectConfigurationPlatforms) = postSolution
		{88BF4D68-4403-4882-9B35-EE57B571559F}.Debug|Any CPU.ActiveCfg = Debug|Any CPU
		{88BF4D68-4403-4882-9B35-EE57B571559F}.Debug|Any CPU.Build.0 = Debug|Any CPU
		{88BF4D68-4403-4882-9B35-EE57B571559F}.Release|Any CPU.ActiveCfg = Release|Any CPU
		{88BF4D68-4403-4882-9B35-EE57B571559F}.Release|Any CPU.Build.0 = Release|Any CPU
		{DBFF6D22-10AA-4B76-9031-E8BD6E678BE1}.Debug|Any CPU.ActiveCfg = Debug|Any CPU
		{DBFF6D22-10AA-4B76-9031-E8BD6E678BE1}.Debug|Any CPU.Build.0 = Debug|Any CPU
		{DBFF6D22-10AA-4B76-9031-E8BD6E678BE1}.Release|Any CPU.ActiveCfg = Release|Any CPU
		{DBFF6D22-10AA-4B76-9031-E8BD6E678BE1}.Release|Any CPU.Build.0 = Release|Any CPU
		{53EB1147-A5C7-42B2-A2A1-1394B617FB79}.Debug|Any CPU.ActiveCfg = Debug|Any CPU
		{53EB1147-A5C7-42B2-A2A1-1394B617FB79}.Debug|Any CPU.Build.0 = Debug|Any CPU
		{53EB1147-A5C7-42B2-A2A1-1394B617FB79}.Release|Any CPU.ActiveCfg = Release|Any CPU
		{53EB1147-A5C7-42B2-A2A1-1394B617FB79}.Release|Any CPU.Build.0 = Release|Any CPU
		{EE04D5A5-8D20-4471-9E22-01CFB1A80B13}.Debug|Any CPU.ActiveCfg = Debug|Any CPU
		{EE04D5A5-8D20-4471-9E22-01CFB1A80B13}.Debug|Any CPU.Build.0 = Debug|Any CPU
		{EE04D5A5-8D20-4471-9E22-01CFB1A80B13}.Release|Any CPU.ActiveCfg = Release|Any CPU
		{EE04D5A5-8D20-4471-9E22-01CFB1A80B13}.Release|Any CPU.Build.0 = Release|Any CPU
		{A33831D7-4E21-411C-BE08-CFCF1BF26207}.Debug|Any CPU.ActiveCfg = Debug|Any CPU
		{A33831D7-4E21-411C-BE08-CFCF1BF26207}.Debug|Any CPU.Build.0 = Debug|Any CPU
		{A33831D7-4E21-411C-BE08-CFCF1BF26207}.Release|Any CPU.ActiveCfg = Release|Any CPU
		{A33831D7-4E21-411C-BE08-CFCF1BF26207}.Release|Any CPU.Build.0 = Release|Any CPU
		{F969E063-6117-4C68-854E-3158DAB91B7B}.Debug|Any CPU.ActiveCfg = Debug|Any CPU
		{F969E063-6117-4C68-854E-3158DAB91B7B}.Debug|Any CPU.Build.0 = Debug|Any CPU
		{F969E063-6117-4C68-854E-3158DAB91B7B}.Release|Any CPU.ActiveCfg = Release|Any CPU
		{F969E063-6117-4C68-854E-3158DAB91B7B}.Release|Any CPU.Build.0 = Release|Any CPU
		{408CB1A4-EE69-4E09-A3E9-D92903E66FCF}.Debug|Any CPU.ActiveCfg = Debug|Any CPU
		{408CB1A4-EE69-4E09-A3E9-D92903E66FCF}.Debug|Any CPU.Build.0 = Debug|Any CPU
		{408CB1A4-EE69-4E09-A3E9-D92903E66FCF}.Release|Any CPU.ActiveCfg = Release|Any CPU
		{408CB1A4-EE69-4E09-A3E9-D92903E66FCF}.Release|Any CPU.Build.0 = Release|Any CPU
		{E15EBFAB-A54F-4BB9-BAF8-BF25AC9A5076}.Debug|Any CPU.ActiveCfg = Debug|Any CPU
		{E15EBFAB-A54F-4BB9-BAF8-BF25AC9A5076}.Debug|Any CPU.Build.0 = Debug|Any CPU
		{E15EBFAB-A54F-4BB9-BAF8-BF25AC9A5076}.Release|Any CPU.ActiveCfg = Release|Any CPU
		{E15EBFAB-A54F-4BB9-BAF8-BF25AC9A5076}.Release|Any CPU.Build.0 = Release|Any CPU
		{A2ECD1AF-22AF-47C7-9398-400D823C7297}.Debug|Any CPU.ActiveCfg = Debug|Any CPU
		{A2ECD1AF-22AF-47C7-9398-400D823C7297}.Debug|Any CPU.Build.0 = Debug|Any CPU
		{A2ECD1AF-22AF-47C7-9398-400D823C7297}.Release|Any CPU.ActiveCfg = Release|Any CPU
		{A2ECD1AF-22AF-47C7-9398-400D823C7297}.Release|Any CPU.Build.0 = Release|Any CPU
		{385F8964-F759-4E21-9D4A-FE8B0D30F87F}.Debug|Any CPU.ActiveCfg = Debug|Any CPU
		{385F8964-F759-4E21-9D4A-FE8B0D30F87F}.Debug|Any CPU.Build.0 = Debug|Any CPU
		{385F8964-F759-4E21-9D4A-FE8B0D30F87F}.Release|Any CPU.ActiveCfg = Release|Any CPU
		{385F8964-F759-4E21-9D4A-FE8B0D30F87F}.Release|Any CPU.Build.0 = Release|Any CPU
		{AB9470E5-D1BF-49C5-BD44-720097BF1900}.Debug|Any CPU.ActiveCfg = Debug|Any CPU
		{AB9470E5-D1BF-49C5-BD44-720097BF1900}.Debug|Any CPU.Build.0 = Debug|Any CPU
		{AB9470E5-D1BF-49C5-BD44-720097BF1900}.Release|Any CPU.ActiveCfg = Release|Any CPU
		{AB9470E5-D1BF-49C5-BD44-720097BF1900}.Release|Any CPU.Build.0 = Release|Any CPU
		{FD1FCF1F-564B-4311-8F72-D5FF76E4D937}.Debug|Any CPU.ActiveCfg = Debug|Any CPU
		{FD1FCF1F-564B-4311-8F72-D5FF76E4D937}.Debug|Any CPU.Build.0 = Debug|Any CPU
		{FD1FCF1F-564B-4311-8F72-D5FF76E4D937}.Release|Any CPU.ActiveCfg = Release|Any CPU
		{FD1FCF1F-564B-4311-8F72-D5FF76E4D937}.Release|Any CPU.Build.0 = Release|Any CPU
		{E40D9DED-96D3-4297-8BC4-4AE9BAE8863D}.Debug|Any CPU.ActiveCfg = Debug|Any CPU
		{E40D9DED-96D3-4297-8BC4-4AE9BAE8863D}.Debug|Any CPU.Build.0 = Debug|Any CPU
		{E40D9DED-96D3-4297-8BC4-4AE9BAE8863D}.Release|Any CPU.ActiveCfg = Release|Any CPU
		{E40D9DED-96D3-4297-8BC4-4AE9BAE8863D}.Release|Any CPU.Build.0 = Release|Any CPU
		{8D3E8BE6-4A30-4C86-B5AE-A739E2DBD695}.Debug|Any CPU.ActiveCfg = Debug|Any CPU
		{8D3E8BE6-4A30-4C86-B5AE-A739E2DBD695}.Debug|Any CPU.Build.0 = Debug|Any CPU
		{8D3E8BE6-4A30-4C86-B5AE-A739E2DBD695}.Release|Any CPU.ActiveCfg = Release|Any CPU
		{8D3E8BE6-4A30-4C86-B5AE-A739E2DBD695}.Release|Any CPU.Build.0 = Release|Any CPU
		{AB240D2A-8FED-430B-8C03-DCE6EB8272AE}.Debug|Any CPU.ActiveCfg = Debug|Any CPU
		{AB240D2A-8FED-430B-8C03-DCE6EB8272AE}.Debug|Any CPU.Build.0 = Debug|Any CPU
		{AB240D2A-8FED-430B-8C03-DCE6EB8272AE}.Release|Any CPU.ActiveCfg = Release|Any CPU
		{AB240D2A-8FED-430B-8C03-DCE6EB8272AE}.Release|Any CPU.Build.0 = Release|Any CPU
		{2F038A77-3A2B-44AD-AC07-2FAB19B7A880}.Debug|Any CPU.ActiveCfg = Debug|Any CPU
		{2F038A77-3A2B-44AD-AC07-2FAB19B7A880}.Debug|Any CPU.Build.0 = Debug|Any CPU
		{2F038A77-3A2B-44AD-AC07-2FAB19B7A880}.Release|Any CPU.ActiveCfg = Release|Any CPU
		{2F038A77-3A2B-44AD-AC07-2FAB19B7A880}.Release|Any CPU.Build.0 = Release|Any CPU
		{6F90FED7-07C0-4F22-ACA8-CE52975E83EE}.Debug|Any CPU.ActiveCfg = Debug|Any CPU
		{6F90FED7-07C0-4F22-ACA8-CE52975E83EE}.Debug|Any CPU.Build.0 = Debug|Any CPU
		{6F90FED7-07C0-4F22-ACA8-CE52975E83EE}.Release|Any CPU.ActiveCfg = Release|Any CPU
		{6F90FED7-07C0-4F22-ACA8-CE52975E83EE}.Release|Any CPU.Build.0 = Release|Any CPU
		{2D3DDE12-D8A4-4AD2-B8B0-80B044E25537}.Debug|Any CPU.ActiveCfg = Debug|Any CPU
		{2D3DDE12-D8A4-4AD2-B8B0-80B044E25537}.Debug|Any CPU.Build.0 = Debug|Any CPU
		{2D3DDE12-D8A4-4AD2-B8B0-80B044E25537}.Release|Any CPU.ActiveCfg = Release|Any CPU
		{2D3DDE12-D8A4-4AD2-B8B0-80B044E25537}.Release|Any CPU.Build.0 = Release|Any CPU
	EndGlobalSection
	GlobalSection(SolutionProperties) = preSolution
		HideSolutionNode = FALSE
	EndGlobalSection
	GlobalSection(NestedProjects) = preSolution
		{88BF4D68-4403-4882-9B35-EE57B571559F} = {02EA681E-C7D8-13C7-8484-4AC65E1B71E8}
		{DBFF6D22-10AA-4B76-9031-E8BD6E678BE1} = {02EA681E-C7D8-13C7-8484-4AC65E1B71E8}
		{53EB1147-A5C7-42B2-A2A1-1394B617FB79} = {02EA681E-C7D8-13C7-8484-4AC65E1B71E8}
		{EE04D5A5-8D20-4471-9E22-01CFB1A80B13} = {CF6E03B4-E60F-4AAE-8000-911D9BEF0327}
		{A33831D7-4E21-411C-BE08-CFCF1BF26207} = {CF6E03B4-E60F-4AAE-8000-911D9BEF0327}
		{F969E063-6117-4C68-854E-3158DAB91B7B} = {CF6E03B4-E60F-4AAE-8000-911D9BEF0327}
		{408CB1A4-EE69-4E09-A3E9-D92903E66FCF} = {284AF24B-996E-44C4-A91F-08FE8145B14F}
		{E15EBFAB-A54F-4BB9-BAF8-BF25AC9A5076} = {284AF24B-996E-44C4-A91F-08FE8145B14F}
		{A2ECD1AF-22AF-47C7-9398-400D823C7297} = {284AF24B-996E-44C4-A91F-08FE8145B14F}
		{385F8964-F759-4E21-9D4A-FE8B0D30F87F} = {71737180-9AAA-4319-B461-97232D482124}
		{AB9470E5-D1BF-49C5-BD44-720097BF1900} = {71737180-9AAA-4319-B461-97232D482124}
		{FD1FCF1F-564B-4311-8F72-D5FF76E4D937} = {71737180-9AAA-4319-B461-97232D482124}
		{E40D9DED-96D3-4297-8BC4-4AE9BAE8863D} = {4F24AE57-9213-4E55-B6D8-D2FD329988A0}
		{8D3E8BE6-4A30-4C86-B5AE-A739E2DBD695} = {4F24AE57-9213-4E55-B6D8-D2FD329988A0}
		{AB240D2A-8FED-430B-8C03-DCE6EB8272AE} = {4F24AE57-9213-4E55-B6D8-D2FD329988A0}
		{2F038A77-3A2B-44AD-AC07-2FAB19B7A880} = {B194302E-473A-437B-B959-CDB73F1217D4}
		{6F90FED7-07C0-4F22-ACA8-CE52975E83EE} = {B194302E-473A-437B-B959-CDB73F1217D4}
		{2D3DDE12-D8A4-4AD2-B8B0-80B044E25537} = {B194302E-473A-437B-B959-CDB73F1217D4}
	EndGlobalSection
	GlobalSection(ExtensibilityGlobals) = postSolution
		SolutionGuid = {15042059-4F71-4D74-AA5A-5DF4CBB18C55}
	EndGlobalSection
EndGlobal
